
Microsoft Visual Studio Solution File, Format Version 12.00
# Visual Studio Version 16
VisualStudioVersion = 16.0.32510.428
MinimumVisualStudioVersion = 10.0.40219.1
Project("{FAE04EC0-301F-11D3-BF4B-00C04F79EFBC}") = "DSAPractice", "DSAPractice\DSAPractice.csproj", "{7ACD6D5A-D47C-406A-BD47-DFDB878F5FEC}"
EndProject
Global
	GlobalSection(SolutionConfigurationPlatforms) = preSolution
		Debug|Any CPU = Debug|Any CPU
		Release|Any CPU = Release|Any CPU
	EndGlobalSection
	GlobalSection(ProjectConfigurationPlatforms) = postSolution
		{7ACD6D5A-D47C-406A-BD47-DFDB878F5FEC}.Debug|Any CPU.ActiveCfg = Debug|Any CPU
		{7ACD6D5A-D47C-406A-BD47-DFDB878F5FEC}.Debug|Any CPU.Build.0 = Debug|Any CPU
		{7ACD6D5A-D47C-406A-BD47-DFDB878F5FEC}.Release|Any CPU.ActiveCfg = Release|Any CPU
		{7ACD6D5A-D47C-406A-BD47-DFDB878F5FEC}.Release|Any CPU.Build.0 = Release|Any CPU
	EndGlobalSection
	GlobalSection(SolutionProperties) = preSolution
		HideSolutionNode = FALSE
	EndGlobalSection
	GlobalSection(ExtensibilityGlobals) = postSolution
		SolutionGuid = {AD2549B9-6D65-4732-8F5F-801413CF3193}
	EndGlobalSection
EndGlobal
